
Microsoft Visual Studio Solution File, Format Version 12.00
# Visual Studio Version 16
VisualStudioVersion = 16.0.31613.86
MinimumVisualStudioVersion = 10.0.40219.1
Project("{FAE04EC0-301F-11D3-BF4B-00C04F79EFBC}") = "Infrastructure-Administration-Backend", "Infrastructure-Administration-Backend\Infrastructure-Administration-Backend.csproj", "{9ACB336B-8EAE-40DB-9892-4CE17601261D}"
EndProject
Global
	GlobalSection(SolutionConfigurationPlatforms) = preSolution
		Debug|Any CPU = Debug|Any CPU
		Release|Any CPU = Release|Any CPU
	EndGlobalSection
	GlobalSection(ProjectConfigurationPlatforms) = postSolution
		{9ACB336B-8EAE-40DB-9892-4CE17601261D}.Debug|Any CPU.ActiveCfg = Debug|Any CPU
		{9ACB336B-8EAE-40DB-9892-4CE17601261D}.Debug|Any CPU.Build.0 = Debug|Any CPU
		{9ACB336B-8EAE-40DB-9892-4CE17601261D}.Release|Any CPU.ActiveCfg = Release|Any CPU
		{9ACB336B-8EAE-40DB-9892-4CE17601261D}.Release|Any CPU.Build.0 = Release|Any CPU
	EndGlobalSection
	GlobalSection(SolutionProperties) = preSolution
		HideSolutionNode = FALSE
	EndGlobalSection
	GlobalSection(ExtensibilityGlobals) = postSolution
		SolutionGuid = {83CBAA03-E12F-47BE-874B-A82BB56E2A0D}
	EndGlobalSection
EndGlobal
